
Microsoft Visual Studio Solution File, Format Version 12.00
# Visual Studio Version 16
VisualStudioVersion = 16.0.30114.105
MinimumVisualStudioVersion = 10.0.40219.1
Project("{FAE04EC0-301F-11D3-BF4B-00C04F79EFBC}") = "L4-2", "L4-2\L4-2.csproj", "{EB805EC5-F834-4F0D-BA71-46065B94E4E6}"
EndProject
Global
	GlobalSection(SolutionConfigurationPlatforms) = preSolution
		Debug|Any CPU = Debug|Any CPU
		Release|Any CPU = Release|Any CPU
	EndGlobalSection
	GlobalSection(ProjectConfigurationPlatforms) = postSolution
		{EB805EC5-F834-4F0D-BA71-46065B94E4E6}.Debug|Any CPU.ActiveCfg = Debug|Any CPU
		{EB805EC5-F834-4F0D-BA71-46065B94E4E6}.Debug|Any CPU.Build.0 = Debug|Any CPU
		{EB805EC5-F834-4F0D-BA71-46065B94E4E6}.Release|Any CPU.ActiveCfg = Release|Any CPU
		{EB805EC5-F834-4F0D-BA71-46065B94E4E6}.Release|Any CPU.Build.0 = Release|Any CPU
	EndGlobalSection
	GlobalSection(SolutionProperties) = preSolution
		HideSolutionNode = FALSE
	EndGlobalSection
	GlobalSection(ExtensibilityGlobals) = postSolution
		SolutionGuid = {DB989070-8291-4718-B87B-408F992AC9E5}
	EndGlobalSection
EndGlobal
