
Microsoft Visual Studio Solution File, Format Version 12.00
# Visual Studio Version 16
VisualStudioVersion = 16.0.29728.190
MinimumVisualStudioVersion = 10.0.40219.1
Project("{FAE04EC0-301F-11D3-BF4B-00C04F79EFBC}") = "L1", "L1\L1.csproj", "{881766F4-C723-4AA6-9EC6-6EE68FB99633}"
EndProject
Global
	GlobalSection(SolutionConfigurationPlatforms) = preSolution
		Debug|Any CPU = Debug|Any CPU
		Release|Any CPU = Release|Any CPU
	EndGlobalSection
	GlobalSection(ProjectConfigurationPlatforms) = postSolution
		{881766F4-C723-4AA6-9EC6-6EE68FB99633}.Debug|Any CPU.ActiveCfg = Debug|Any CPU
		{881766F4-C723-4AA6-9EC6-6EE68FB99633}.Debug|Any CPU.Build.0 = Debug|Any CPU
		{881766F4-C723-4AA6-9EC6-6EE68FB99633}.Release|Any CPU.ActiveCfg = Release|Any CPU
		{881766F4-C723-4AA6-9EC6-6EE68FB99633}.Release|Any CPU.Build.0 = Release|Any CPU
	EndGlobalSection
	GlobalSection(SolutionProperties) = preSolution
		HideSolutionNode = FALSE
	EndGlobalSection
	GlobalSection(ExtensibilityGlobals) = postSolution
		SolutionGuid = {8E7FCDC3-DC2C-4F36-846E-3E8B3F04998F}
	EndGlobalSection
EndGlobal
